
Microsoft Visual Studio Solution File, Format Version 12.00
# Visual Studio Version 17
VisualStudioVersion = 17.1.32421.90
MinimumVisualStudioVersion = 10.0.40219.1
Project("{FAE04EC0-301F-11D3-BF4B-00C04F79EFBC}") = "Hello_World", "Hello_World\Hello_World.csproj", "{9D830309-7022-41C7-B379-56DADB18E6FB}"
EndProject
Global
	GlobalSection(SolutionConfigurationPlatforms) = preSolution
		Debug|Any CPU = Debug|Any CPU
		Release|Any CPU = Release|Any CPU
	EndGlobalSection
	GlobalSection(ProjectConfigurationPlatforms) = postSolution
		{9D830309-7022-41C7-B379-56DADB18E6FB}.Debug|Any CPU.ActiveCfg = Debug|Any CPU
		{9D830309-7022-41C7-B379-56DADB18E6FB}.Debug|Any CPU.Build.0 = Debug|Any CPU
		{9D830309-7022-41C7-B379-56DADB18E6FB}.Release|Any CPU.ActiveCfg = Release|Any CPU
		{9D830309-7022-41C7-B379-56DADB18E6FB}.Release|Any CPU.Build.0 = Release|Any CPU
	EndGlobalSection
	GlobalSection(SolutionProperties) = preSolution
		HideSolutionNode = FALSE
	EndGlobalSection
	GlobalSection(ExtensibilityGlobals) = postSolution
		SolutionGuid = {44CDEFC2-821A-484D-A3A9-440CF4E467A4}
	EndGlobalSection
EndGlobal
